<Solution>
  <Folder Name="/src/">
    <Project Path="src/ZVec.Extensions.VectorData.Analyzers/ZVec.Extensions.VectorData.Analyzers.csproj" />
    <Project Path="src/ZVec.Extensions.VectorData.SourceGenerator/ZVec.Extensions.VectorData.SourceGenerator.csproj" />
    <Project Path="src/ZVec.Extensions.VectorData/ZVec.Extensions.VectorData.csproj" />
    <Project Path="src/ZVec.Rag/ZVec.Rag.csproj" />
    <Project Path="src/ZVec.Rag.LLamaSharp/ZVec.Rag.LLamaSharp.csproj" />
    <Project Path="src/ZVec.Rag.ONNX/ZVec.Rag.ONNX.csproj" />
    <Project Path="src/ZVec.Rag.Pdf/ZVec.Rag.Pdf.csproj" />
    <Project Path="src/ZVec.Rag.Template/ZVec.Rag.Template.csproj" />
    <Project Path="src/ZVec.Rag.Testing/ZVec.Rag.Testing.csproj" />
  </Folder>
  <Folder Name="/tests/">
    <Project Path="tests/ZVec.AotTestApp/ZVec.AotTestApp.csproj" />
    <Project Path="tests/ZVec.Rag.AotTestApp/ZVec.Rag.AotTestApp.csproj" />
    <Project Path="tests/ZVec.Extensions.VectorData.ConformanceTests/ZVec.Extensions.VectorData.ConformanceTests.csproj" />
    <Project Path="tests/ZVec.Extensions.VectorData.SourceGenerator.Tests/ZVec.Extensions.VectorData.SourceGenerator.Tests.csproj" />
    <Project Path="tests/ZVec.Extensions.VectorData.Tests/ZVec.Extensions.VectorData.Tests.csproj" />
    <Project Path="tests/ZVec.Rag.Tests/ZVec.Rag.Tests.csproj" />
    <Project Path="tests/ZVec.Rag.Pdf.Tests/ZVec.Rag.Pdf.Tests.csproj" />
    <Project Path="tests/ZVec.Rag.LLamaSharp.Tests/ZVec.Rag.LLamaSharp.Tests.csproj" />
    <Project Path="tests/ZVec.Rag.ONNX.Tests/ZVec.Rag.ONNX.Tests.csproj" />
    <Project Path="tests/ZVec.Rag.Benchmarks/ZVec.Rag.Benchmarks.csproj" />
  </Folder>
  <Folder Name="/samples/">
    <Project Path="samples/01-rag-your-docs/ZVec.Rag.Sample01.csproj" />
    <Project Path="samples/02-local-first-pdf-chat/ZVec.Rag.Sample02.csproj" />
    <Project Path="samples/03-offline-phone-rag/desktop-index/ZVec.Rag.Sample03.DesktopIndex.csproj" />
    <Project Path="samples/04-airgapped-enterprise-rag/ZVec.Rag.Sample04.csproj" />
  </Folder>
</Solution>
